
Microsoft Visual Studio Solution File, Format Version 11.00
# Visual Studio 2010
Project("{E24C65DC-7377-472B-9ABA-BC803B73C61A}") = "omagi", ".", "{1666D11F-E812-483F-85FD-5B4CD4D08CD2}"
	ProjectSection(WebsiteProperties) = preProject
		TargetFrameworkMoniker = ".NETFramework,Version%3Dv4.0"
		Debug.AspNetCompiler.VirtualPath = "/web"
		Debug.AspNetCompiler.PhysicalPath = "..\omagi\"
		Debug.AspNetCompiler.TargetPath = "PrecompiledWeb\web\"
		Debug.AspNetCompiler.Updateable = "true"
		Debug.AspNetCompiler.ForceOverwrite = "true"
		Debug.AspNetCompiler.FixedNames = "false"
		Debug.AspNetCompiler.Debug = "True"
		Release.AspNetCompiler.VirtualPath = "/web"
		Release.AspNetCompiler.PhysicalPath = "..\omagi\"
		Release.AspNetCompiler.TargetPath = "PrecompiledWeb\web\"
		Release.AspNetCompiler.Updateable = "true"
		Release.AspNetCompiler.ForceOverwrite = "true"
		Release.AspNetCompiler.FixedNames = "false"
		Release.AspNetCompiler.Debug = "False"
		VWDPort = "1888"
	EndProjectSection
EndProject
Project("{FAE04EC0-301F-11D3-BF4B-00C04F79EFBC}") = "omagi_model", "..\omagi_model\omagi_model.csproj", "{053AD466-0677-4196-A93A-0364EBCB1B70}"
EndProject
Global
	GlobalSection(SolutionConfigurationPlatforms) = preSolution
		Debug|Any CPU = Debug|Any CPU
		Release|Any CPU = Release|Any CPU
	EndGlobalSection
	GlobalSection(ProjectConfigurationPlatforms) = postSolution
		{1666D11F-E812-483F-85FD-5B4CD4D08CD2}.Debug|Any CPU.ActiveCfg = Debug|Any CPU
		{1666D11F-E812-483F-85FD-5B4CD4D08CD2}.Debug|Any CPU.Build.0 = Debug|Any CPU
		{1666D11F-E812-483F-85FD-5B4CD4D08CD2}.Release|Any CPU.ActiveCfg = Debug|Any CPU
		{1666D11F-E812-483F-85FD-5B4CD4D08CD2}.Release|Any CPU.Build.0 = Debug|Any CPU
		{053AD466-0677-4196-A93A-0364EBCB1B70}.Debug|Any CPU.ActiveCfg = Debug|Any CPU
		{053AD466-0677-4196-A93A-0364EBCB1B70}.Debug|Any CPU.Build.0 = Debug|Any CPU
		{053AD466-0677-4196-A93A-0364EBCB1B70}.Release|Any CPU.ActiveCfg = Release|Any CPU
		{053AD466-0677-4196-A93A-0364EBCB1B70}.Release|Any CPU.Build.0 = Release|Any CPU
	EndGlobalSection
	GlobalSection(SolutionProperties) = preSolution
		HideSolutionNode = FALSE
	EndGlobalSection
EndGlobal
